// !$*UTF8*$!
{
	archiveVersion = 1;
	classes = {
	};
	objectVersion = 46;
	objects = {

/* Begin PBXBuildFile section */
		BD7B87AB1E0C0749001B9C50 /* AppDelegate.swift in Sources */ = {isa = PBXBuildFile; fileRef = BD7B87AA1E0C0749001B9C50 /* AppDelegate.swift */; };
		BD7B87AD1E0C0749001B9C50 /* ViewController.swift in Sources */ = {isa = PBXBuildFile; fileRef = BD7B87AC1E0C0749001B9C50 /* ViewController.swift */; };
		BD7B87B01E0C0749001B9C50 /* Main.storyboard in Resources */ = {isa = PBXBuildFile; fileRef = BD7B87AE1E0C0749001B9C50 /* Main.storyboard */; };
		BD7B87B21E0C0749001B9C50 /* Assets.xcassets in Resources */ = {isa = PBXBuildFile; fileRef = BD7B87B11E0C0749001B9C50 /* Assets.xcassets */; };
		BD7B87B51E0C0749001B9C50 /* LaunchScreen.storyboard in Resources */ = {isa = PBXBuildFile; fileRef = BD7B87B31E0C0749001B9C50 /* LaunchScreen.storyboard */; };
		BD7B87BE1E0C0776001B9C50 /* MultipeerConnectivity.framework in Frameworks */ = {isa = PBXBuildFile; fileRef = BD7B87BD1E0C0776001B9C50 /* MultipeerConnectivity.framework */; };
/* End PBXBuildFile section */

/* Begin PBXFileReference section */
		BD7B87A71E0C0749001B9C50 /* MultipeerLocalChat.app */ = {isa = PBXFileReference; explicitFileType = wrapper.application; includeInIndex = 0; path = MultipeerLocalChat.app; sourceTree = BUILT_PRODUCTS_DIR; };
		BD7B87AA1E0C0749001B9C50 /* AppDelegate.swift */ = {isa = PBXFileReference; lastKnownFileType = sourcecode.swift; path = AppDelegate.swift; sourceTree = "<group>"; };
		BD7B87AC1E0C0749001B9C50 /* ViewController.swift */ = {isa = PBXFileReference; lastKnownFileType = sourcecode.swift; path = ViewController.swift; sourceTree = "<group>"; };
		BD7B87AF1E0C0749001B9C50 /* Base */ = {isa = PBXFileReference; lastKnownFileType = file.storyboard; name = Base; path = Base.lproj/Main.storyboard; sourceTree = "<group>"; };
		BD7B87B11E0C0749001B9C50 /* Assets.xcassets */ = {isa = PBXFileReference; lastKnownFileType = folder.assetcatalog; path = Assets.xcassets; sourceTree = "<group>"; };
		BD7B87B41E0C0749001B9C50 /* Base */ = {isa = PBXFileReference; lastKnownFileType = file.storyboard; name = Base; path = Base.lproj/LaunchScreen.storyboard; sourceTree = "<group>"; };
		BD7B87B61E0C0749001B9C50 /* Info.plist */ = {isa = PBXFileReference; lastKnownFileType = text.plist.xml; path = Info.plist; sourceTree = "<group>"; };
		BD7B87BD1E0C0776001B9C50 /* MultipeerConnectivity.framework */ = {isa = PBXFileReference; lastKnownFileType = wrapper.framework; name = MultipeerConnectivity.framework; path = System/Library/Frameworks/MultipeerConnectivity.framework; sourceTree = SDKROOT; };
/* End PBXFileReference section */

/* Begin PBXFrameworksBuildPhase section */
		BD7B87A41E0C0748001B9C50 /* Frameworks */ = {
			isa = PBXFrameworksBuildPhase;
			buildActionMask = 2147483647;
			files = (
				BD7B87BE1E0C0776001B9C50 /* MultipeerConnectivity.framework in Frameworks */,
			);
			runOnlyForDeploymentPostprocessing = 0;
		};
/* End PBXFrameworksBuildPhase section */

/* Begin PBXGroup section */
		BD7B879E1E0C0748001B9C50 = {
			isa = PBXGroup;
			children = (
				BD7B87A91E0C0749001B9C50 /* MultipeerLocalChat */,
				BD7B87A81E0C0749001B9C50 /* Products */,
				BD7B87BC1E0C0775001B9C50 /* Frameworks */,
			);
			sourceTree = "<group>";
		};
		BD7B87A81E0C0749001B9C50 /* Products */ = {
			isa = PBXGroup;
			children = (
				BD7B87A71E0C0749001B9C50 /* MultipeerLocalChat.app */,
			);
			name = Products;
			sourceTree = "<group>";
		};
		BD7B87A91E0C0749001B9C50 /* MultipeerLocalChat */ = {
			isa = PBXGroup;
			children = (
				BD7B87AA1E0C0749001B9C50 /* AppDelegate.swift */,
				BD7B87AC1E0C0749001B9C50 /* ViewController.swift */,
				BD7B87AE1E0C0749001B9C50 /* Main.storyboard */,
				BD7B87B11E0C0749001B9C50 /* Assets.xcassets */,
				BD7B87B31E0C0749001B9C50 /* LaunchScreen.storyboard */,
				BD7B87B61E0C0749001B9C50 /* Info.plist */,
			);
			path = MultipeerLocalChat;
			sourceTree = "<group>";
		};
		BD7B87BC1E0C0775001B9C50 /* Frameworks */ = {
			isa = PBXGroup;
			children = (
				BD7B87BD1E0C0776001B9C50 /* MultipeerConnectivity.framework */,
			);
			name = Frameworks;
			sourceTree = "<group>";
		};
/* End PBXGroup section */

/* Begin PBXNativeTarget section */
		BD7B87A61E0C0748001B9C50 /* MultipeerLocalChat */ = {
			isa = PBXNativeTarget;
			buildConfigurationList = BD7B87B91E0C0749001B9C50 /* Build configuration list for PBXNativeTarget "MultipeerLocalChat" */;
			buildPhases = (
				BD7B87A31E0C0748001B9C50 /* Sources */,
				BD7B87A41E0C0748001B9C50 /* Frameworks */,
				BD7B87A51E0C0748001B9C50 /* Resources */,
			);
			buildRules = (
			);
			dependencies = (
			);
			name = MultipeerLocalChat;
			productName = MultipeerLocalChat;
			productReference = BD7B87A71E0C0749001B9C50 /* MultipeerLocalChat.app */;
			productType = "com.apple.product-type.application";
		};
/* End PBXNativeTarget section */

/* Begin PBXProject section */
		BD7B879F1E0C0748001B9C50 /* Project object */ = {
			isa = PBXProject;
			attributes = {
				LastSwiftUpdateCheck = 0810;
				LastUpgradeCheck = 0810;
				ORGANIZATIONNAME = "Bhavin Gupta";
				TargetAttributes = {
					BD7B87A61E0C0748001B9C50 = {
						CreatedOnToolsVersion = 8.1;
						DevelopmentTeam = 8N9YWC6Z6P;
						ProvisioningStyle = Automatic;
					};
				};
			};
			buildConfigurationList = BD7B87A21E0C0748001B9C50 /* Build configuration list for PBXProject "MultipeerLocalChat" */;
			compatibilityVersion = "Xcode 3.2";
			developmentRegion = English;
			hasScannedForEncodings = 0;
			knownRegions = (
				en,
				Base,
			);
			mainGroup = BD7B879E1E0C0748001B9C50;
			productRefGroup = BD7B87A81E0C0749001B9C50 /* Products */;
			projectDirPath = "";
			projectRoot = "";
			targets = (
				BD7B87A61E0C0748001B9C50 /* MultipeerLocalChat */,
			);
		};
/* End PBXProject section */

/* Begin PBXResourcesBuildPhase section */
		BD7B87A51E0C0748001B9C50 /* Resources */ = {
			isa = PBXResourcesBuildPhase;
			buildActionMask = 2147483647;
			files = (
				BD7B87B51E0C0749001B9C50 /* LaunchScreen.storyboard in Resources */,
				BD7B87B21E0C0749001B9C50 /* Assets.xcassets in Resources */,
				BD7B87B01E0C0749001B9C50 /* Main.storyboard in Resources */,
			);
			runOnlyForDeploymentPostprocessing = 0;
		};
/* End PBXResourcesBuildPhase section */

/* Begin PBXSourcesBuildPhase section */
		BD7B87A31E0C0748001B9C50 /* Sources */ = {
			isa = PBXSourcesBuildPhase;
			buildActionMask = 2147483647;
			files = (
				BD7B87AD1E0C0749001B9C50 /* ViewController.swift in Sources */,
				BD7B87AB1E0C0749001B9C50 /* AppDelegate.swift in Sources */,
			);
			runOnlyForDeploymentPostprocessing = 0;
		};
/* End PBXSourcesBuildPhase section */

/* Begin PBXVariantGroup section */
		BD7B87AE1E0C0749001B9C50 /* Main.storyboard */ = {
			isa = PBXVariantGroup;
			children = (
				BD7B87AF1E0C0749001B9C50 /* Base */,
			);
			name = Main.storyboard;
			sourceTree = "<group>";
		};
		BD7B87B31E0C0749001B9C50 /* LaunchScreen.storyboard */ = {
			isa = PBXVariantGroup;
			children = (
				BD7B87B41E0C0749001B9C50 /* Base */,
			);
			name = LaunchScreen.storyboard;
			sourceTree = "<group>";
		};
/* End PBXVariantGroup section */

/* Begin XCBuildConfiguration section */
		BD7B87B71E0C0749001B9C50 /* Debug */ = {
			isa = XCBuildConfiguration;
			buildSettings = {
				ALWAYS_SEARCH_USER_PATHS = NO;
				CLANG_ANALYZER_NONNULL = YES;
				CLANG_CXX_LANGUAGE_STANDARD = "gnu++0x";
				CLANG_CXX_LIBRARY = "libc++";
				CLANG_ENABLE_MODULES = YES;
				CLANG_ENABLE_OBJC_ARC = YES;
				CLANG_WARN_BOOL_CONVERSION = YES;
				CLANG_WARN_CONSTANT_CONVERSION = YES;
				CLANG_WARN_DIRECT_OBJC_ISA_USAGE = YES_ERROR;
				CLANG_WARN_DOCUMENTATION_COMMENTS = YES;
				CLANG_WARN_EMPTY_BODY = YES;
				CLANG_WARN_ENUM_CONVERSION = YES;
				CLANG_WARN_INFINITE_RECURSION = YES;
				CLANG_WARN_INT_CONVERSION = YES;
				CLANG_WARN_OBJC_ROOT_CLASS = YES_ERROR;
				CLANG_WARN_SUSPICIOUS_MOVES = YES;
				CLANG_WARN_UNREACHABLE_CODE = YES;
				CLANG_WARN__DUPLICATE_METHOD_MATCH = YES;
				"CODE_SIGN_IDENTITY[sdk=iphoneos*]" = "iPhone Developer";
				COPY_PHASE_STRIP = NO;
				DEBUG_INFORMATION_FORMAT = dwarf;
				ENABLE_STRICT_OBJC_MSGSEND = YES;
				ENABLE_TESTABILITY = YES;
				GCC_C_LANGUAGE_STANDARD = gnu99;
				GCC_DYNAMIC_NO_PIC = NO;
				GCC_NO_COMMON_BLOCKS = YES;
				GCC_OPTIMIZATION_LEVEL = 0;
				GCC_PREPROCESSOR_DEFINITIONS = (
					"DEBUG=1",
					"$(inherited)",
				);
				GCC_WARN_64_TO_32_BIT_CONVERSION = YES;
				GCC_WARN_ABOUT_RETURN_TYPE = YES_ERROR;
				GCC_WARN_UNDECLARED_SELECTOR = YES;
				GCC_WARN_UNINITIALIZED_AUTOS = YES_AGGRESSIVE;
				GCC_WARN_UNUSED_FUNCTION = YES;
				GCC_WARN_UNUSED_VARIABLE = YES;
				IPHONEOS_DEPLOYMENT_TARGET = 8.3;
				MTL_ENABLE_DEBUG_INFO = YES;
				ONLY_ACTIVE_ARCH = YES;
				SDKROOT = iphoneos;
				SWIFT_ACTIVE_COMPILATION_CONDITIONS = DEBUG;
				SWIFT_OPTIMIZATION_LEVEL = "-Onone";
				TARGETED_DEVICE_FAMILY = 2;
			};
			name = Debug;
		};
		BD7B87B81E0C0749001B9C50 /* Release */ = {
			isa = XCBuildConfiguration;
			buildSettings = {
				ALWAYS_SEARCH_USER_PATHS = NO;
				CLANG_ANALYZER_NONNULL = YES;
				CLANG_CXX_LANGUAGE_STANDARD = "gnu++0x";
				CLANG_CXX_LIBRARY = "libc++";
				CLANG_ENABLE_MODULES = YES;
				CLANG_ENABLE_OBJC_ARC = YES;
				CLANG_WARN_BOOL_CONVERSION = YES;
				CLANG_WARN_CONSTANT_CONVERSION = YES;
				CLANG_WARN_DIRECT_OBJC_ISA_USAGE = YES_ERROR;
				CLANG_WARN_DOCUMENTATION_COMMENTS = YES;
				CLANG_WARN_EMPTY_BODY = YES;
				CLANG_WARN_ENUM_CONVERSION = YES;
				CLANG_WARN_INFINITE_RECURSION = YES;
				CLANG_WARN_INT_CONVERSION = YES;
				CLANG_WARN_OBJC_ROOT_CLASS = YES_ERROR;
				CLANG_WARN_SUSPICIOUS_MOVES = YES;
				CLANG_WARN_UNREACHABLE_CODE = YES;
				CLANG_WARN__DUPLICATE_METHOD_MATCH = YES;
				"CODE_SIGN_IDENTITY[sdk=iphoneos*]" = "iPhone Developer";
				COPY_PHASE_STRIP = NO;
				DEBUG_INFORMATION_FORMAT = "dwarf-with-dsym";
				ENABLE_NS_ASSERTIONS = NO;
				ENABLE_STRICT_OBJC_MSGSEND = YES;
				GCC_C_LANGUAGE_STANDARD = gnu99;
				GCC_NO_COMMON_BLOCKS = YES;
				GCC_WARN_64_TO_32_BIT_CONVERSION = YES;
				GCC_WARN_ABOUT_RETURN_TYPE = YES_ERROR;
				GCC_WARN_UNDECLARED_SELECTOR = YES;
				GCC_WARN_UNINITIALIZED_AUTOS = YES_AGGRESSIVE;
				GCC_WARN_UNUSED_FUNCTION = YES;
				GCC_WARN_UNUSED_VARIABLE = YES;
				IPHONEOS_DEPLOYMENT_TARGET = 8.3;
				MTL_ENABLE_DEBUG_INFO = NO;
				SDKROOT = iphoneos;
				SWIFT_OPTIMIZATION_LEVEL = "-Owholemodule";
				TARGETED_DEVICE_FAMILY = 2;
				VALIDATE_PRODUCT = YES;
			};
			name = Release;
		};
		BD7B87BA1E0C0749001B9C50 /* Debug */ = {
			isa = XCBuildConfiguration;
			buildSettings = {
				ASSETCATALOG_COMPILER_APPICON_NAME = AppIcon;
				DEVELOPMENT_TEAM = 8N9YWC6Z6P;
				INFOPLIST_FILE = MultipeerLocalChat/Info.plist;
				IPHONEOS_DEPLOYMENT_TARGET = 8.3;
				LD_RUNPATH_SEARCH_PATHS = "$(inherited) @executable_path/Frameworks";
				PRODUCT_BUNDLE_IDENTIFIER = com.easypay.MultipeerLocalChat;
				PRODUCT_NAME = "$(TARGET_NAME)";
				SWIFT_VERSION = 3.0;
			};
			name = Debug;
		};
		BD7B87BB1E0C0749001B9C50 /* Release */ = {
			isa = XCBuildConfiguration;
			buildSettings = {
				ASSETCATALOG_COMPILER_APPICON_NAME = AppIcon;
				DEVELOPMENT_TEAM = 8N9YWC6Z6P;
				INFOPLIST_FILE = MultipeerLocalChat/Info.plist;
				IPHONEOS_DEPLOYMENT_TARGET = 8.3;
				LD_RUNPATH_SEARCH_PATHS = "$(inherited) @executable_path/Frameworks";
				PRODUCT_BUNDLE_IDENTIFIER = com.easypay.MultipeerLocalChat;
				PRODUCT_NAME = "$(TARGET_NAME)";
				SWIFT_VERSION = 3.0;
			};
			name = Release;
		};
/* End XCBuildConfiguration section */

/* Begin XCConfigurationList section */
		BD7B87A21E0C0748001B9C50 /* Build configuration list for PBXProject "MultipeerLocalChat" */ = {
			isa = XCConfigurationList;
			buildConfigurations = (
				BD7B87B71E0C0749001B9C50 /* Debug */,
				BD7B87B81E0C0749001B9C50 /* Release */,
			);
			defaultConfigurationIsVisible = 0;
			defaultConfigurationName = Release;
		};
		BD7B87B91E0C0749001B9C50 /* Build configuration list for PBXNativeTarget "MultipeerLocalChat" */ = {
			isa = XCConfigurationList;
			buildConfigurations = (
				BD7B87BA1E0C0749001B9C50 /* Debug */,
				BD7B87BB1E0C0749001B9C50 /* Release */,
			);
			defaultConfigurationIsVisible = 0;
		};
/* End XCConfigurationList section */
	};
	rootObject = BD7B879F1E0C0748001B9C50 /* Project object */;
}
